lockfileVersion: '9.0'

settings:
  autoInstallPeers: true
  excludeLinksFromLockfile: false

importers:

  .:
    dependencies:
      '@effect/platform':
        specifier: ^0.73.1
        version: 0.73.1(effect@3.12.4)
      effect:
        specifier: ^3.12.4
        version: 3.12.4

packages:

  '@effect/platform@0.73.1':
    resolution: {integrity: sha512-aFwHLtTDdWnK0UUGs6Z8QbjVA6XBKp8xzEt4G9lm5c0JALiUrhoWe8e9fpkUMuejF3W0+VeDM3AC+1eglnGQww==}
    peerDependencies:
      effect: ^3.12.4

  effect@3.12.4:
    resolution: {integrity: sha512-kPNCGhkuk/WQrO5wRA0FPEI84aG329ciOi5LEsmgxaPgnwJdtK/LeaWIiqKcAvcBEeuFbWLgvWi6l9BN2Jg7Gw==}

  fast-check@3.23.2:
    resolution: {integrity: sha512-h5+1OzzfCC3Ef7VbtKdcv7zsstUQwUDlYpUTvjeUsJAssPgLn7QzbboPtL5ro04Mq0rPOsMzl7q5hIbRs2wD1A==}
    engines: {node: '>=8.0.0'}

  find-my-way-ts@0.1.5:
    resolution: {integrity: sha512-4GOTMrpGQVzsCH2ruUn2vmwzV/02zF4q+ybhCIrw/Rkt3L8KWcycdC6aJMctJzwN4fXD4SD5F/4B9Sksh5rE0A==}

  multipasta@0.2.5:
    resolution: {integrity: sha512-c8eMDb1WwZcE02WVjHoOmUVk7fnKU/RmUcosHACglrWAuPQsEJv+E8430sXj6jNc1jHw0zrS16aCjQh4BcEb4A==}

  pure-rand@6.1.0:
    resolution: {integrity: sha512-bVWawvoZoBYpp6yIoQtQXHZjmz35RSVHnUOTefl8Vcjr8snTPY1wnpSPMWekcFwbxI6gtmT7rSYPFvz71ldiOA==}

snapshots:

  '@effect/platform@0.73.1(effect@3.12.4)':
    dependencies:
      effect: 3.12.4
      find-my-way-ts: 0.1.5
      multipasta: 0.2.5

  effect@3.12.4:
    dependencies:
      fast-check: 3.23.2

  fast-check@3.23.2:
    dependencies:
      pure-rand: 6.1.0

  find-my-way-ts@0.1.5: {}

  multipasta@0.2.5: {}

  pure-rand@6.1.0: {}
